// !$*UTF8*$!
{
	archiveVersion = 1;
	classes = {
	};
	objectVersion = 56;
	objects = {

/* Begin PBXBuildFile section */
		4403D06B2C46BE6900D5AB19 /* CompanySearchAppApp.swift in Sources */ = {isa = PBXBuildFile; fileRef = 4403D06A2C46BE6900D5AB19 /* CompanySearchAppApp.swift */; };
		4403D06D2C46BE6900D5AB19 /* ContentView.swift in Sources */ = {isa = PBXBuildFile; fileRef = 4403D06C2C46BE6900D5AB19 /* ContentView.swift */; };
		4403D06F2C46BE7100D5AB19 /* Assets.xcassets in Resources */ = {isa = PBXBuildFile; fileRef = 4403D06E2C46BE7100D5AB19 /* Assets.xcassets */; };
		4403D0722C46BE7100D5AB19 /* Preview Assets.xcassets in Resources */ = {isa = PBXBuildFile; fileRef = 4403D0712C46BE7100D5AB19 /* Preview Assets.xcassets */; };
		4403D0742C46BE7100D5AB19 /* Persistence.swift in Sources */ = {isa = PBXBuildFile; fileRef = 4403D0732C46BE7100D5AB19 /* Persistence.swift */; };
		4403D0772C46BE7100D5AB19 /* CompanySearchApp.xcdatamodeld in Sources */ = {isa = PBXBuildFile; fileRef = 4403D0752C46BE7100D5AB19 /* CompanySearchApp.xcdatamodeld */; };
		4403D0812C46BE7200D5AB19 /* CompanySearchAppTests.swift in Sources */ = {isa = PBXBuildFile; fileRef = 4403D0802C46BE7200D5AB19 /* CompanySearchAppTests.swift */; };
		4403D08B2C46BE7200D5AB19 /* CompanySearchAppUITests.swift in Sources */ = {isa = PBXBuildFile; fileRef = 4403D08A2C46BE7200D5AB19 /* CompanySearchAppUITests.swift */; };
		4403D08D2C46BE7200D5AB19 /* CompanySearchAppUITestsLaunchTests.swift in Sources */ = {isa = PBXBuildFile; fileRef = 4403D08C2C46BE7200D5AB19 /* CompanySearchAppUITestsLaunchTests.swift */; };
		4403D0A52C46C17000D5AB19 /* CompanyInfo.swift in Sources */ = {isa = PBXBuildFile; fileRef = 4403D0A42C46C17000D5AB19 /* CompanyInfo.swift */; };
		4403D0A72C46C44500D5AB19 /* HttpClient.swift in Sources */ = {isa = PBXBuildFile; fileRef = 4403D0A62C46C44500D5AB19 /* HttpClient.swift */; };
		4403D0A92C46C67800D5AB19 /* CompanySearchRequest.swift in Sources */ = {isa = PBXBuildFile; fileRef = 4403D0A82C46C67800D5AB19 /* CompanySearchRequest.swift */; };
		4403D0AB2C46CC8100D5AB19 /* HomePage.swift in Sources */ = {isa = PBXBuildFile; fileRef = 4403D0AA2C46CC8100D5AB19 /* HomePage.swift */; };
		4403D0AD2C46CD6800D5AB19 /* CompanySearchView.swift in Sources */ = {isa = PBXBuildFile; fileRef = 4403D0AC2C46CD6800D5AB19 /* CompanySearchView.swift */; };
		4403D0B32C46CDD900D5AB19 /* BookmarkView.swift in Sources */ = {isa = PBXBuildFile; fileRef = 4403D0B22C46CDD900D5AB19 /* BookmarkView.swift */; };
		4403D0B52C46CE4500D5AB19 /* DBManager.swift in Sources */ = {isa = PBXBuildFile; fileRef = 4403D0B42C46CE4500D5AB19 /* DBManager.swift */; };
		4403D0B82C46CFE100D5AB19 /* Company+CoreDataClass.swift in Sources */ = {isa = PBXBuildFile; fileRef = 4403D0B62C46CFE100D5AB19 /* Company+CoreDataClass.swift */; };
		4403D0B92C46CFE100D5AB19 /* Company+CoreDataProperties.swift in Sources */ = {isa = PBXBuildFile; fileRef = 4403D0B72C46CFE100D5AB19 /* Company+CoreDataProperties.swift */; };
		4403D0BB2C46D15A00D5AB19 /* CompanySearchIntent.swift in Sources */ = {isa = PBXBuildFile; fileRef = 4403D0BA2C46D15A00D5AB19 /* CompanySearchIntent.swift */; };
		4403D0BD2C46D18100D5AB19 /* CompanySearchModel.swift in Sources */ = {isa = PBXBuildFile; fileRef = 4403D0BC2C46D18100D5AB19 /* CompanySearchModel.swift */; };
		4403D0BF2C46D24300D5AB19 /* MVIContainer.swift in Sources */ = {isa = PBXBuildFile; fileRef = 4403D0BE2C46D24300D5AB19 /* MVIContainer.swift */; };
		4403D0C22C46D5BF00D5AB19 /* CompanyListView.swift in Sources */ = {isa = PBXBuildFile; fileRef = 4403D0C12C46D5BF00D5AB19 /* CompanyListView.swift */; };
		4403D0C42C46D72D00D5AB19 /* CompanyListModel.swift in Sources */ = {isa = PBXBuildFile; fileRef = 4403D0C32C46D72D00D5AB19 /* CompanyListModel.swift */; };
		4403D0C62C46D80600D5AB19 /* CompanyListIntent.swift in Sources */ = {isa = PBXBuildFile; fileRef = 4403D0C52C46D80600D5AB19 /* CompanyListIntent.swift */; };
		4403D0C82C46DC6400D5AB19 /* CompanyDetailsView.swift in Sources */ = {isa = PBXBuildFile; fileRef = 4403D0C72C46DC6400D5AB19 /* CompanyDetailsView.swift */; };
		44183C902C47928300E41431 /* BookmarkModel.swift in Sources */ = {isa = PBXBuildFile; fileRef = 44183C8F2C47928200E41431 /* BookmarkModel.swift */; };
		44183C922C4792BE00E41431 /* BookmarkIntent.swift in Sources */ = {isa = PBXBuildFile; fileRef = 44183C912C4792BE00E41431 /* BookmarkIntent.swift */; };
/* End PBXBuildFile section */

/* Begin PBXContainerItemProxy section */
		4403D07D2C46BE7200D5AB19 /* PBXContainerItemProxy */ = {
			isa = PBXContainerItemProxy;
			containerPortal = 4403D05F2C46BE6900D5AB19 /* Project object */;
			proxyType = 1;
			remoteGlobalIDString = 4403D0662C46BE6900D5AB19;
			remoteInfo = CompanySearchApp;
		};
		4403D0872C46BE7200D5AB19 /* PBXContainerItemProxy */ = {
			isa = PBXContainerItemProxy;
			containerPortal = 4403D05F2C46BE6900D5AB19 /* Project object */;
			proxyType = 1;
			remoteGlobalIDString = 4403D0662C46BE6900D5AB19;
			remoteInfo = CompanySearchApp;
		};
/* End PBXContainerItemProxy section */

/* Begin PBXFileReference section */
		4403D0672C46BE6900D5AB19 /* CompanySearchApp.app */ = {isa = PBXFileReference; explicitFileType = wrapper.application; includeInIndex = 0; path = CompanySearchApp.app; sourceTree = BUILT_PRODUCTS_DIR; };
		4403D06A2C46BE6900D5AB19 /* CompanySearchAppApp.swift */ = {isa = PBXFileReference; lastKnownFileType = sourcecode.swift; path = CompanySearchAppApp.swift; sourceTree = "<group>"; };
		4403D06C2C46BE6900D5AB19 /* ContentView.swift */ = {isa = PBXFileReference; lastKnownFileType = sourcecode.swift; path = ContentView.swift; sourceTree = "<group>"; };
		4403D06E2C46BE7100D5AB19 /* Assets.xcassets */ = {isa = PBXFileReference; lastKnownFileType = folder.assetcatalog; path = Assets.xcassets; sourceTree = "<group>"; };
		4403D0712C46BE7100D5AB19 /* Preview Assets.xcassets */ = {isa = PBXFileReference; lastKnownFileType = folder.assetcatalog; path = "Preview Assets.xcassets"; sourceTree = "<group>"; };
		4403D0732C46BE7100D5AB19 /* Persistence.swift */ = {isa = PBXFileReference; lastKnownFileType = sourcecode.swift; path = Persistence.swift; sourceTree = "<group>"; };
		4403D0762C46BE7100D5AB19 /* CompanySearchApp.xcdatamodel */ = {isa = PBXFileReference; lastKnownFileType = wrapper.xcdatamodel; path = CompanySearchApp.xcdatamodel; sourceTree = "<group>"; };
		4403D07C2C46BE7200D5AB19 /* CompanySearchAppTests.xctest */ = {isa = PBXFileReference; explicitFileType = wrapper.cfbundle; includeInIndex = 0; path = CompanySearchAppTests.xctest; sourceTree = BUILT_PRODUCTS_DIR; };
		4403D0802C46BE7200D5AB19 /* CompanySearchAppTests.swift */ = {isa = PBXFileReference; lastKnownFileType = sourcecode.swift; path = CompanySearchAppTests.swift; sourceTree = "<group>"; };
		4403D0862C46BE7200D5AB19 /* CompanySearchAppUITests.xctest */ = {isa = PBXFileReference; explicitFileType = wrapper.cfbundle; includeInIndex = 0; path = CompanySearchAppUITests.xctest; sourceTree = BUILT_PRODUCTS_DIR; };
		4403D08A2C46BE7200D5AB19 /* CompanySearchAppUITests.swift */ = {isa = PBXFileReference; lastKnownFileType = sourcecode.swift; path = CompanySearchAppUITests.swift; sourceTree = "<group>"; };
		4403D08C2C46BE7200D5AB19 /* CompanySearchAppUITestsLaunchTests.swift */ = {isa = PBXFileReference; lastKnownFileType = sourcecode.swift; path = CompanySearchAppUITestsLaunchTests.swift; sourceTree = "<group>"; };
		4403D0A42C46C17000D5AB19 /* CompanyInfo.swift */ = {isa = PBXFileReference; lastKnownFileType = sourcecode.swift; path = CompanyInfo.swift; sourceTree = "<group>"; };
		4403D0A62C46C44500D5AB19 /* HttpClient.swift */ = {isa = PBXFileReference; lastKnownFileType = sourcecode.swift; path = HttpClient.swift; sourceTree = "<group>"; };
		4403D0A82C46C67800D5AB19 /* CompanySearchRequest.swift */ = {isa = PBXFileReference; lastKnownFileType = sourcecode.swift; path = CompanySearchRequest.swift; sourceTree = "<group>"; };
		4403D0AA2C46CC8100D5AB19 /* HomePage.swift */ = {isa = PBXFileReference; lastKnownFileType = sourcecode.swift; path = HomePage.swift; sourceTree = "<group>"; };
		4403D0AC2C46CD6800D5AB19 /* CompanySearchView.swift */ = {isa = PBXFileReference; lastKnownFileType = sourcecode.swift; path = CompanySearchView.swift; sourceTree = "<group>"; };
		4403D0B22C46CDD900D5AB19 /* BookmarkView.swift */ = {isa = PBXFileReference; lastKnownFileType = sourcecode.swift; path = BookmarkView.swift; sourceTree = "<group>"; };
		4403D0B42C46CE4500D5AB19 /* DBManager.swift */ = {isa = PBXFileReference; lastKnownFileType = sourcecode.swift; path = DBManager.swift; sourceTree = "<group>"; };
		4403D0B62C46CFE100D5AB19 /* Company+CoreDataClass.swift */ = {isa = PBXFileReference; lastKnownFileType = sourcecode.swift; path = "Company+CoreDataClass.swift"; sourceTree = "<group>"; };
		4403D0B72C46CFE100D5AB19 /* Company+CoreDataProperties.swift */ = {isa = PBXFileReference; lastKnownFileType = sourcecode.swift; path = "Company+CoreDataProperties.swift"; sourceTree = "<group>"; };
		4403D0BA2C46D15A00D5AB19 /* CompanySearchIntent.swift */ = {isa = PBXFileReference; lastKnownFileType = sourcecode.swift; path = CompanySearchIntent.swift; sourceTree = "<group>"; };
		4403D0BC2C46D18100D5AB19 /* CompanySearchModel.swift */ = {isa = PBXFileReference; lastKnownFileType = sourcecode.swift; path = CompanySearchModel.swift; sourceTree = "<group>"; };
		4403D0BE2C46D24300D5AB19 /* MVIContainer.swift */ = {isa = PBXFileReference; lastKnownFileType = sourcecode.swift; name = MVIContainer.swift; path = CompanySearchApp/MVIContainer.swift; sourceTree = "<group>"; };
		4403D0C12C46D5BF00D5AB19 /* CompanyListView.swift */ = {isa = PBXFileReference; lastKnownFileType = sourcecode.swift; path = CompanyListView.swift; sourceTree = "<group>"; };
		4403D0C32C46D72D00D5AB19 /* CompanyListModel.swift */ = {isa = PBXFileReference; lastKnownFileType = sourcecode.swift; path = CompanyListModel.swift; sourceTree = "<group>"; };
		4403D0C52C46D80600D5AB19 /* CompanyListIntent.swift */ = {isa = PBXFileReference; lastKnownFileType = sourcecode.swift; path = CompanyListIntent.swift; sourceTree = "<group>"; };
		4403D0C72C46DC6400D5AB19 /* CompanyDetailsView.swift */ = {isa = PBXFileReference; lastKnownFileType = sourcecode.swift; path = CompanyDetailsView.swift; sourceTree = "<group>"; };
		44183C8F2C47928200E41431 /* BookmarkModel.swift */ = {isa = PBXFileReference; lastKnownFileType = sourcecode.swift; path = BookmarkModel.swift; sourceTree = "<group>"; };
		44183C912C4792BE00E41431 /* BookmarkIntent.swift */ = {isa = PBXFileReference; lastKnownFileType = sourcecode.swift; path = BookmarkIntent.swift; sourceTree = "<group>"; };
/* End PBXFileReference section */

/* Begin PBXFrameworksBuildPhase section */
		4403D0642C46BE6900D5AB19 /* Frameworks */ = {
			isa = PBXFrameworksBuildPhase;
			buildActionMask = 2147483647;
			files = (
			);
			runOnlyForDeploymentPostprocessing = 0;
		};
		4403D0792C46BE7200D5AB19 /* Frameworks */ = {
			isa = PBXFrameworksBuildPhase;
			buildActionMask = 2147483647;
			files = (
			);
			runOnlyForDeploymentPostprocessing = 0;
		};
		4403D0832C46BE7200D5AB19 /* Frameworks */ = {
			isa = PBXFrameworksBuildPhase;
			buildActionMask = 2147483647;
			files = (
			);
			runOnlyForDeploymentPostprocessing = 0;
		};
/* End PBXFrameworksBuildPhase section */

/* Begin PBXGroup section */
		4403D05E2C46BE6900D5AB19 = {
			isa = PBXGroup;
			children = (
				4403D0C72C46DC6400D5AB19 /* CompanyDetailsView.swift */,
				4403D0C02C46D26500D5AB19 /* Entities */,
				4403D0BE2C46D24300D5AB19 /* MVIContainer.swift */,
				4403D09B2C46C03D00D5AB19 /* DataModel */,
				4403D0992C46C03D00D5AB19 /* HomePage */,
				4403D09F2C46C04800D5AB19 /* CompanySearchPage */,
				4403D0A32C46C05000D5AB19 /* CompanyListPage */,
				4403D0B12C46CDA000D5AB19 /* BookmarkPage */,
				4403D09A2C46C03D00D5AB19 /* Managers */,
				4403D0692C46BE6900D5AB19 /* CompanySearchApp */,
				4403D07F2C46BE7200D5AB19 /* CompanySearchAppTests */,
				4403D0892C46BE7200D5AB19 /* CompanySearchAppUITests */,
				4403D0682C46BE6900D5AB19 /* Products */,
			);
			sourceTree = "<group>";
		};
		4403D0682C46BE6900D5AB19 /* Products */ = {
			isa = PBXGroup;
			children = (
				4403D0672C46BE6900D5AB19 /* CompanySearchApp.app */,
				4403D07C2C46BE7200D5AB19 /* CompanySearchAppTests.xctest */,
				4403D0862C46BE7200D5AB19 /* CompanySearchAppUITests.xctest */,
			);
			name = Products;
			sourceTree = "<group>";
		};
		4403D0692C46BE6900D5AB19 /* CompanySearchApp */ = {
			isa = PBXGroup;
			children = (
				4403D06A2C46BE6900D5AB19 /* CompanySearchAppApp.swift */,
				4403D06C2C46BE6900D5AB19 /* ContentView.swift */,
				4403D06E2C46BE7100D5AB19 /* Assets.xcassets */,
				4403D0732C46BE7100D5AB19 /* Persistence.swift */,
				4403D0752C46BE7100D5AB19 /* CompanySearchApp.xcdatamodeld */,
				4403D0702C46BE7100D5AB19 /* Preview Content */,
			);
			path = CompanySearchApp;
			sourceTree = "<group>";
		};
		4403D0702C46BE7100D5AB19 /* Preview Content */ = {
			isa = PBXGroup;
			children = (
				4403D0712C46BE7100D5AB19 /* Preview Assets.xcassets */,
			);
			path = "Preview Content";
			sourceTree = "<group>";
		};
		4403D07F2C46BE7200D5AB19 /* CompanySearchAppTests */ = {
			isa = PBXGroup;
			children = (
				4403D0802C46BE7200D5AB19 /* CompanySearchAppTests.swift */,
			);
			path = CompanySearchAppTests;
			sourceTree = "<group>";
		};
		4403D0892C46BE7200D5AB19 /* CompanySearchAppUITests */ = {
			isa = PBXGroup;
			children = (
				4403D08A2C46BE7200D5AB19 /* CompanySearchAppUITests.swift */,
				4403D08C2C46BE7200D5AB19 /* CompanySearchAppUITestsLaunchTests.swift */,
			);
			path = CompanySearchAppUITests;
			sourceTree = "<group>";
		};
		4403D0992C46C03D00D5AB19 /* HomePage */ = {
			isa = PBXGroup;
			children = (
				4403D0AA2C46CC8100D5AB19 /* HomePage.swift */,
			);
			name = HomePage;
			path = CompanySearchApp/HomePage;
			sourceTree = "<group>";
		};
		4403D09A2C46C03D00D5AB19 /* Managers */ = {
			isa = PBXGroup;
			children = (
				4403D0A62C46C44500D5AB19 /* HttpClient.swift */,
				4403D0B42C46CE4500D5AB19 /* DBManager.swift */,
			);
			name = Managers;
			path = CompanySearchApp/Managers;
			sourceTree = "<group>";
		};
		4403D09B2C46C03D00D5AB19 /* DataModel */ = {
			isa = PBXGroup;
			children = (
				4403D0A42C46C17000D5AB19 /* CompanyInfo.swift */,
				4403D0A82C46C67800D5AB19 /* CompanySearchRequest.swift */,
			);
			name = DataModel;
			path = CompanySearchApp/DataModel;
			sourceTree = "<group>";
		};
		4403D09C2C46C04800D5AB19 /* Intent */ = {
			isa = PBXGroup;
			children = (
				4403D0BA2C46D15A00D5AB19 /* CompanySearchIntent.swift */,
			);
			path = Intent;
			sourceTree = "<group>";
		};
		4403D09D2C46C04800D5AB19 /* Model */ = {
			isa = PBXGroup;
			children = (
				4403D0BC2C46D18100D5AB19 /* CompanySearchModel.swift */,
			);
			path = Model;
			sourceTree = "<group>";
		};
		4403D09E2C46C04800D5AB19 /* View */ = {
			isa = PBXGroup;
			children = (
				4403D0AC2C46CD6800D5AB19 /* CompanySearchView.swift */,
			);
			path = View;
			sourceTree = "<group>";
		};
		4403D09F2C46C04800D5AB19 /* CompanySearchPage */ = {
			isa = PBXGroup;
			children = (
				4403D09D2C46C04800D5AB19 /* Model */,
				4403D09C2C46C04800D5AB19 /* Intent */,
				4403D09E2C46C04800D5AB19 /* View */,
			);
			name = CompanySearchPage;
			path = CompanySearchApp/CompanySearchPage;
			sourceTree = "<group>";
		};
		4403D0A02C46C05000D5AB19 /* Intent */ = {
			isa = PBXGroup;
			children = (
				4403D0C52C46D80600D5AB19 /* CompanyListIntent.swift */,
			);
			path = Intent;
			sourceTree = "<group>";
		};
		4403D0A12C46C05000D5AB19 /* Model */ = {
			isa = PBXGroup;
			children = (
				4403D0C32C46D72D00D5AB19 /* CompanyListModel.swift */,
			);
			path = Model;
			sourceTree = "<group>";
		};
		4403D0A22C46C05000D5AB19 /* View */ = {
			isa = PBXGroup;
			children = (
				4403D0C12C46D5BF00D5AB19 /* CompanyListView.swift */,
			);
			path = View;
			sourceTree = "<group>";
		};
		4403D0A32C46C05000D5AB19 /* CompanyListPage */ = {
			isa = PBXGroup;
			children = (
				4403D0A12C46C05000D5AB19 /* Model */,
				4403D0A02C46C05000D5AB19 /* Intent */,
				4403D0A22C46C05000D5AB19 /* View */,
			);
			name = CompanyListPage;
			path = CompanySearchApp/CompanyListPage;
			sourceTree = "<group>";
		};
		4403D0AE2C46CDA000D5AB19 /* Intent */ = {
			isa = PBXGroup;
			children = (
				44183C912C4792BE00E41431 /* BookmarkIntent.swift */,
			);
			path = Intent;
			sourceTree = "<group>";
		};
		4403D0AF2C46CDA000D5AB19 /* Model */ = {
			isa = PBXGroup;
			children = (
				44183C8F2C47928200E41431 /* BookmarkModel.swift */,
			);
			path = Model;
			sourceTree = "<group>";
		};
		4403D0B02C46CDA000D5AB19 /* View */ = {
			isa = PBXGroup;
			children = (
				4403D0B22C46CDD900D5AB19 /* BookmarkView.swift */,
			);
			path = View;
			sourceTree = "<group>";
		};
		4403D0B12C46CDA000D5AB19 /* BookmarkPage */ = {
			isa = PBXGroup;
			children = (
				4403D0AF2C46CDA000D5AB19 /* Model */,
				4403D0AE2C46CDA000D5AB19 /* Intent */,
				4403D0B02C46CDA000D5AB19 /* View */,
			);
			name = BookmarkPage;
			path = CompanySearchApp/BookmarkPage;
			sourceTree = "<group>";
		};
		4403D0C02C46D26500D5AB19 /* Entities */ = {
			isa = PBXGroup;
			children = (
				4403D0B62C46CFE100D5AB19 /* Company+CoreDataClass.swift */,
				4403D0B72C46CFE100D5AB19 /* Company+CoreDataProperties.swift */,
			);
			name = Entities;
			path = CompanySearchApp/Entities;
			sourceTree = "<group>";
		};
/* End PBXGroup section */

/* Begin PBXNativeTarget section */
		4403D0662C46BE6900D5AB19 /* CompanySearchApp */ = {
			isa = PBXNativeTarget;
			buildConfigurationList = 4403D0902C46BE7200D5AB19 /* Build configuration list for PBXNativeTarget "CompanySearchApp" */;
			buildPhases = (
				4403D0632C46BE6900D5AB19 /* Sources */,
				4403D0642C46BE6900D5AB19 /* Frameworks */,
				4403D0652C46BE6900D5AB19 /* Resources */,
			);
			buildRules = (
			);
			dependencies = (
			);
			name = CompanySearchApp;
			productName = CompanySearchApp;
			productReference = 4403D0672C46BE6900D5AB19 /* CompanySearchApp.app */;
			productType = "com.apple.product-type.application";
		};
		4403D07B2C46BE7200D5AB19 /* CompanySearchAppTests */ = {
			isa = PBXNativeTarget;
			buildConfigurationList = 4403D0932C46BE7200D5AB19 /* Build configuration list for PBXNativeTarget "CompanySearchAppTests" */;
			buildPhases = (
				4403D0782C46BE7200D5AB19 /* Sources */,
				4403D0792C46BE7200D5AB19 /* Frameworks */,
				4403D07A2C46BE7200D5AB19 /* Resources */,
			);
			buildRules = (
			);
			dependencies = (
				4403D07E2C46BE7200D5AB19 /* PBXTargetDependency */,
			);
			name = CompanySearchAppTests;
			productName = CompanySearchAppTests;
			productReference = 4403D07C2C46BE7200D5AB19 /* CompanySearchAppTests.xctest */;
			productType = "com.apple.product-type.bundle.unit-test";
		};
		4403D0852C46BE7200D5AB19 /* CompanySearchAppUITests */ = {
			isa = PBXNativeTarget;
			buildConfigurationList = 4403D0962C46BE7200D5AB19 /* Build configuration list for PBXNativeTarget "CompanySearchAppUITests" */;
			buildPhases = (
				4403D0822C46BE7200D5AB19 /* Sources */,
				4403D0832C46BE7200D5AB19 /* Frameworks */,
				4403D0842C46BE7200D5AB19 /* Resources */,
			);
			buildRules = (
			);
			dependencies = (
				4403D0882C46BE7200D5AB19 /* PBXTargetDependency */,
			);
			name = CompanySearchAppUITests;
			productName = CompanySearchAppUITests;
			productReference = 4403D0862C46BE7200D5AB19 /* CompanySearchAppUITests.xctest */;
			productType = "com.apple.product-type.bundle.ui-testing";
		};
/* End PBXNativeTarget section */

/* Begin PBXProject section */
		4403D05F2C46BE6900D5AB19 /* Project object */ = {
			isa = PBXProject;
			attributes = {
				BuildIndependentTargetsInParallel = 1;
				LastSwiftUpdateCheck = 1540;
				LastUpgradeCheck = 1540;
				TargetAttributes = {
					4403D0662C46BE6900D5AB19 = {
						CreatedOnToolsVersion = 15.4;
					};
					4403D07B2C46BE7200D5AB19 = {
						CreatedOnToolsVersion = 15.4;
						TestTargetID = 4403D0662C46BE6900D5AB19;
					};
					4403D0852C46BE7200D5AB19 = {
						CreatedOnToolsVersion = 15.4;
						TestTargetID = 4403D0662C46BE6900D5AB19;
					};
				};
			};
			buildConfigurationList = 4403D0622C46BE6900D5AB19 /* Build configuration list for PBXProject "CompanySearchApp" */;
			compatibilityVersion = "Xcode 14.0";
			developmentRegion = en;
			hasScannedForEncodings = 0;
			knownRegions = (
				en,
				Base,
			);
			mainGroup = 4403D05E2C46BE6900D5AB19;
			productRefGroup = 4403D0682C46BE6900D5AB19 /* Products */;
			projectDirPath = "";
			projectRoot = "";
			targets = (
				4403D0662C46BE6900D5AB19 /* CompanySearchApp */,
				4403D07B2C46BE7200D5AB19 /* CompanySearchAppTests */,
				4403D0852C46BE7200D5AB19 /* CompanySearchAppUITests */,
			);
		};
/* End PBXProject section */

/* Begin PBXResourcesBuildPhase section */
		4403D0652C46BE6900D5AB19 /* Resources */ = {
			isa = PBXResourcesBuildPhase;
			buildActionMask = 2147483647;
			files = (
				4403D0722C46BE7100D5AB19 /* Preview Assets.xcassets in Resources */,
				4403D06F2C46BE7100D5AB19 /* Assets.xcassets in Resources */,
			);
			runOnlyForDeploymentPostprocessing = 0;
		};
		4403D07A2C46BE7200D5AB19 /* Resources */ = {
			isa = PBXResourcesBuildPhase;
			buildActionMask = 2147483647;
			files = (
			);
			runOnlyForDeploymentPostprocessing = 0;
		};
		4403D0842C46BE7200D5AB19 /* Resources */ = {
			isa = PBXResourcesBuildPhase;
			buildActionMask = 2147483647;
			files = (
			);
			runOnlyForDeploymentPostprocessing = 0;
		};
/* End PBXResourcesBuildPhase section */

/* Begin PBXSourcesBuildPhase section */
		4403D0632C46BE6900D5AB19 /* Sources */ = {
			isa = PBXSourcesBuildPhase;
			buildActionMask = 2147483647;
			files = (
				4403D0742C46BE7100D5AB19 /* Persistence.swift in Sources */,
				4403D0A52C46C17000D5AB19 /* CompanyInfo.swift in Sources */,
				4403D06D2C46BE6900D5AB19 /* ContentView.swift in Sources */,
				4403D0C82C46DC6400D5AB19 /* CompanyDetailsView.swift in Sources */,
				4403D06B2C46BE6900D5AB19 /* CompanySearchAppApp.swift in Sources */,
				4403D0AD2C46CD6800D5AB19 /* CompanySearchView.swift in Sources */,
				4403D0A72C46C44500D5AB19 /* HttpClient.swift in Sources */,
				4403D0B32C46CDD900D5AB19 /* BookmarkView.swift in Sources */,
				44183C902C47928300E41431 /* BookmarkModel.swift in Sources */,
				4403D0BD2C46D18100D5AB19 /* CompanySearchModel.swift in Sources */,
				4403D0BB2C46D15A00D5AB19 /* CompanySearchIntent.swift in Sources */,
				4403D0B82C46CFE100D5AB19 /* Company+CoreDataClass.swift in Sources */,
				4403D0B92C46CFE100D5AB19 /* Company+CoreDataProperties.swift in Sources */,
				4403D0C62C46D80600D5AB19 /* CompanyListIntent.swift in Sources */,
				4403D0A92C46C67800D5AB19 /* CompanySearchRequest.swift in Sources */,
				4403D0BF2C46D24300D5AB19 /* MVIContainer.swift in Sources */,
				4403D0C42C46D72D00D5AB19 /* CompanyListModel.swift in Sources */,
				4403D0C22C46D5BF00D5AB19 /* CompanyListView.swift in Sources */,
				4403D0772C46BE7100D5AB19 /* CompanySearchApp.xcdatamodeld in Sources */,
				4403D0AB2C46CC8100D5AB19 /* HomePage.swift in Sources */,
				4403D0B52C46CE4500D5AB19 /* DBManager.swift in Sources */,
				44183C922C4792BE00E41431 /* BookmarkIntent.swift in Sources */,
			);
			runOnlyForDeploymentPostprocessing = 0;
		};
		4403D0782C46BE7200D5AB19 /* Sources */ = {
			isa = PBXSourcesBuildPhase;
			buildActionMask = 2147483647;
			files = (
				4403D0812C46BE7200D5AB19 /* CompanySearchAppTests.swift in Sources */,
			);
			runOnlyForDeploymentPostprocessing = 0;
		};
		4403D0822C46BE7200D5AB19 /* Sources */ = {
			isa = PBXSourcesBuildPhase;
			buildActionMask = 2147483647;
			files = (
				4403D08D2C46BE7200D5AB19 /* CompanySearchAppUITestsLaunchTests.swift in Sources */,
				4403D08B2C46BE7200D5AB19 /* CompanySearchAppUITests.swift in Sources */,
			);
			runOnlyForDeploymentPostprocessing = 0;
		};
/* End PBXSourcesBuildPhase section */

/* Begin PBXTargetDependency section */
		4403D07E2C46BE7200D5AB19 /* PBXTargetDependency */ = {
			isa = PBXTargetDependency;
			target = 4403D0662C46BE6900D5AB19 /* CompanySearchApp */;
			targetProxy = 4403D07D2C46BE7200D5AB19 /* PBXContainerItemProxy */;
		};
		4403D0882C46BE7200D5AB19 /* PBXTargetDependency */ = {
			isa = PBXTargetDependency;
			target = 4403D0662C46BE6900D5AB19 /* CompanySearchApp */;
			targetProxy = 4403D0872C46BE7200D5AB19 /* PBXContainerItemProxy */;
		};
/* End PBXTargetDependency section */

/* Begin XCBuildConfiguration section */
		4403D08E2C46BE7200D5AB19 /* Debug */ = {
			isa = XCBuildConfiguration;
			buildSettings = {
				ALWAYS_SEARCH_USER_PATHS = NO;
				ASSETCATALOG_COMPILER_GENERATE_SWIFT_ASSET_SYMBOL_EXTENSIONS = YES;
				CLANG_ANALYZER_NONNULL = YES;
				CLANG_ANALYZER_NUMBER_OBJECT_CONVERSION = YES_AGGRESSIVE;
				CLANG_CXX_LANGUAGE_STANDARD = "gnu++20";
				CLANG_ENABLE_MODULES = YES;
				CLANG_ENABLE_OBJC_ARC = YES;
				CLANG_ENABLE_OBJC_WEAK = YES;
				CLANG_WARN_BLOCK_CAPTURE_AUTORELEASING = YES;
				CLANG_WARN_BOOL_CONVERSION = YES;
				CLANG_WARN_COMMA = YES;
				CLANG_WARN_CONSTANT_CONVERSION = YES;
				CLANG_WARN_DEPRECATED_OBJC_IMPLEMENTATIONS = YES;
				CLANG_WARN_DIRECT_OBJC_ISA_USAGE = YES_ERROR;
				CLANG_WARN_DOCUMENTATION_COMMENTS = YES;
				CLANG_WARN_EMPTY_BODY = YES;
				CLANG_WARN_ENUM_CONVERSION = YES;
				CLANG_WARN_INFINITE_RECURSION = YES;
				CLANG_WARN_INT_CONVERSION = YES;
				CLANG_WARN_NON_LITERAL_NULL_CONVERSION = YES;
				CLANG_WARN_OBJC_IMPLICIT_RETAIN_SELF = YES;
				CLANG_WARN_OBJC_LITERAL_CONVERSION = YES;
				CLANG_WARN_OBJC_ROOT_CLASS = YES_ERROR;
				CLANG_WARN_QUOTED_INCLUDE_IN_FRAMEWORK_HEADER = YES;
				CLANG_WARN_RANGE_LOOP_ANALYSIS = YES;
				CLANG_WARN_STRICT_PROTOTYPES = YES;
				CLANG_WARN_SUSPICIOUS_MOVE = YES;
				CLANG_WARN_UNGUARDED_AVAILABILITY = YES_AGGRESSIVE;
				CLANG_WARN_UNREACHABLE_CODE = YES;
				CLANG_WARN__DUPLICATE_METHOD_MATCH = YES;
				COPY_PHASE_STRIP = NO;
				DEBUG_INFORMATION_FORMAT = dwarf;
				ENABLE_STRICT_OBJC_MSGSEND = YES;
				ENABLE_TESTABILITY = YES;
				ENABLE_USER_SCRIPT_SANDBOXING = YES;
				GCC_C_LANGUAGE_STANDARD = gnu17;
				GCC_DYNAMIC_NO_PIC = NO;
				GCC_NO_COMMON_BLOCKS = YES;
				GCC_OPTIMIZATION_LEVEL = 0;
				GCC_PREPROCESSOR_DEFINITIONS = (
					"DEBUG=1",
					"$(inherited)",
				);
				GCC_WARN_64_TO_32_BIT_CONVERSION = YES;
				GCC_WARN_ABOUT_RETURN_TYPE = YES_ERROR;
				GCC_WARN_UNDECLARED_SELECTOR = YES;
				GCC_WARN_UNINITIALIZED_AUTOS = YES_AGGRESSIVE;
				GCC_WARN_UNUSED_FUNCTION = YES;
				GCC_WARN_UNUSED_VARIABLE = YES;
				IPHONEOS_DEPLOYMENT_TARGET = 17.5;
				LOCALIZATION_PREFERS_STRING_CATALOGS = YES;
				MTL_ENABLE_DEBUG_INFO = INCLUDE_SOURCE;
				MTL_FAST_MATH = YES;
				ONLY_ACTIVE_ARCH = YES;
				SDKROOT = iphoneos;
				SWIFT_ACTIVE_COMPILATION_CONDITIONS = "DEBUG $(inherited)";
				SWIFT_OPTIMIZATION_LEVEL = "-Onone";
			};
			name = Debug;
		};
		4403D08F2C46BE7200D5AB19 /* Release */ = {
			isa = XCBuildConfiguration;
			buildSettings = {
				ALWAYS_SEARCH_USER_PATHS = NO;
				ASSETCATALOG_COMPILER_GENERATE_SWIFT_ASSET_SYMBOL_EXTENSIONS = YES;
				CLANG_ANALYZER_NONNULL = YES;
				CLANG_ANALYZER_NUMBER_OBJECT_CONVERSION = YES_AGGRESSIVE;
				CLANG_CXX_LANGUAGE_STANDARD = "gnu++20";
				CLANG_ENABLE_MODULES = YES;
				CLANG_ENABLE_OBJC_ARC = YES;
				CLANG_ENABLE_OBJC_WEAK = YES;
				CLANG_WARN_BLOCK_CAPTURE_AUTORELEASING = YES;
				CLANG_WARN_BOOL_CONVERSION = YES;
				CLANG_WARN_COMMA = YES;
				CLANG_WARN_CONSTANT_CONVERSION = YES;
				CLANG_WARN_DEPRECATED_OBJC_IMPLEMENTATIONS = YES;
				CLANG_WARN_DIRECT_OBJC_ISA_USAGE = YES_ERROR;
				CLANG_WARN_DOCUMENTATION_COMMENTS = YES;
				CLANG_WARN_EMPTY_BODY = YES;
				CLANG_WARN_ENUM_CONVERSION = YES;
				CLANG_WARN_INFINITE_RECURSION = YES;
				CLANG_WARN_INT_CONVERSION = YES;
				CLANG_WARN_NON_LITERAL_NULL_CONVERSION = YES;
				CLANG_WARN_OBJC_IMPLICIT_RETAIN_SELF = YES;
				CLANG_WARN_OBJC_LITERAL_CONVERSION = YES;
				CLANG_WARN_OBJC_ROOT_CLASS = YES_ERROR;
				CLANG_WARN_QUOTED_INCLUDE_IN_FRAMEWORK_HEADER = YES;
				CLANG_WARN_RANGE_LOOP_ANALYSIS = YES;
				CLANG_WARN_STRICT_PROTOTYPES = YES;
				CLANG_WARN_SUSPICIOUS_MOVE = YES;
				CLANG_WARN_UNGUARDED_AVAILABILITY = YES_AGGRESSIVE;
				CLANG_WARN_UNREACHABLE_CODE = YES;
				CLANG_WARN__DUPLICATE_METHOD_MATCH = YES;
				COPY_PHASE_STRIP = NO;
				DEBUG_INFORMATION_FORMAT = "dwarf-with-dsym";
				ENABLE_NS_ASSERTIONS = NO;
				ENABLE_STRICT_OBJC_MSGSEND = YES;
				ENABLE_USER_SCRIPT_SANDBOXING = YES;
				GCC_C_LANGUAGE_STANDARD = gnu17;
				GCC_NO_COMMON_BLOCKS = YES;
				GCC_WARN_64_TO_32_BIT_CONVERSION = YES;
				GCC_WARN_ABOUT_RETURN_TYPE = YES_ERROR;
				GCC_WARN_UNDECLARED_SELECTOR = YES;
				GCC_WARN_UNINITIALIZED_AUTOS = YES_AGGRESSIVE;
				GCC_WARN_UNUSED_FUNCTION = YES;
				GCC_WARN_UNUSED_VARIABLE = YES;
				IPHONEOS_DEPLOYMENT_TARGET = 17.5;
				LOCALIZATION_PREFERS_STRING_CATALOGS = YES;
				MTL_ENABLE_DEBUG_INFO = NO;
				MTL_FAST_MATH = YES;
				SDKROOT = iphoneos;
				SWIFT_COMPILATION_MODE = wholemodule;
				VALIDATE_PRODUCT = YES;
			};
			name = Release;
		};
		4403D0912C46BE7200D5AB19 /* Debug */ = {
			isa = XCBuildConfiguration;
			buildSettings = {
				ASSETCATALOG_COMPILER_APPICON_NAME = AppIcon;
				ASSETCATALOG_COMPILER_GLOBAL_ACCENT_COLOR_NAME = AccentColor;
				CODE_SIGN_STYLE = Automatic;
				CURRENT_PROJECT_VERSION = 1;
				DEVELOPMENT_ASSET_PATHS = "\"CompanySearchApp/Preview Content\"";
				DEVELOPMENT_TEAM = 4968R3GVM5;
				ENABLE_PREVIEWS = YES;
				GENERATE_INFOPLIST_FILE = YES;
				INFOPLIST_KEY_UIApplicationSceneManifest_Generation = YES;
				INFOPLIST_KEY_UIApplicationSupportsIndirectInputEvents = YES;
				INFOPLIST_KEY_UILaunchScreen_Generation = YES;
				INFOPLIST_KEY_UISupportedInterfaceOrientations_iPad = "UIInterfaceOrientationPortrait UIInterfaceOrientationPortraitUpsideDown UIInterfaceOrientationLandscapeLeft UIInterfaceOrientationLandscapeRight";
				INFOPLIST_KEY_UISupportedInterfaceOrientations_iPhone = "UIInterfaceOrientationPortrait UIInterfaceOrientationLandscapeLeft UIInterfaceOrientationLandscapeRight";
				LD_RUNPATH_SEARCH_PATHS = (
					"$(inherited)",
					"@executable_path/Frameworks",
				);
				MARKETING_VERSION = 1.0;
				PRODUCT_BUNDLE_IDENTIFIER = com.organizationname.CompanySearchApp;
				PRODUCT_NAME = "$(TARGET_NAME)";
				SWIFT_EMIT_LOC_STRINGS = YES;
				SWIFT_VERSION = 5.0;
				TARGETED_DEVICE_FAMILY = "1,2";
			};
			name = Debug;
		};
		4403D0922C46BE7200D5AB19 /* Release */ = {
			isa = XCBuildConfiguration;
			buildSettings = {
				ASSETCATALOG_COMPILER_APPICON_NAME = AppIcon;
				ASSETCATALOG_COMPILER_GLOBAL_ACCENT_COLOR_NAME = AccentColor;
				CODE_SIGN_STYLE = Automatic;
				CURRENT_PROJECT_VERSION = 1;
				DEVELOPMENT_ASSET_PATHS = "\"CompanySearchApp/Preview Content\"";
				DEVELOPMENT_TEAM = 4968R3GVM5;
				ENABLE_PREVIEWS = YES;
				GENERATE_INFOPLIST_FILE = YES;
				INFOPLIST_KEY_UIApplicationSceneManifest_Generation = YES;
				INFOPLIST_KEY_UIApplicationSupportsIndirectInputEvents = YES;
				INFOPLIST_KEY_UILaunchScreen_Generation = YES;
				INFOPLIST_KEY_UISupportedInterfaceOrientations_iPad = "UIInterfaceOrientationPortrait UIInterfaceOrientationPortraitUpsideDown UIInterfaceOrientationLandscapeLeft UIInterfaceOrientationLandscapeRight";
				INFOPLIST_KEY_UISupportedInterfaceOrientations_iPhone = "UIInterfaceOrientationPortrait UIInterfaceOrientationLandscapeLeft UIInterfaceOrientationLandscapeRight";
				LD_RUNPATH_SEARCH_PATHS = (
					"$(inherited)",
					"@executable_path/Frameworks",
				);
				MARKETING_VERSION = 1.0;
				PRODUCT_BUNDLE_IDENTIFIER = com.organizationname.CompanySearchApp;
				PRODUCT_NAME = "$(TARGET_NAME)";
				SWIFT_EMIT_LOC_STRINGS = YES;
				SWIFT_VERSION = 5.0;
				TARGETED_DEVICE_FAMILY = "1,2";
			};
			name = Release;
		};
		4403D0942C46BE7200D5AB19 /* Debug */ = {
			isa = XCBuildConfiguration;
			buildSettings = {
				ALWAYS_EMBED_SWIFT_STANDARD_LIBRARIES = YES;
				BUNDLE_LOADER = "$(TEST_HOST)";
				CODE_SIGN_STYLE = Automatic;
				CURRENT_PROJECT_VERSION = 1;
				DEVELOPMENT_TEAM = 4968R3GVM5;
				GENERATE_INFOPLIST_FILE = YES;
				IPHONEOS_DEPLOYMENT_TARGET = 17.5;
				MARKETING_VERSION = 1.0;
				PRODUCT_BUNDLE_IDENTIFIER = com.organizationname.CompanySearchAppTests;
				PRODUCT_NAME = "$(TARGET_NAME)";
				SWIFT_EMIT_LOC_STRINGS = NO;
				SWIFT_VERSION = 5.0;
				TARGETED_DEVICE_FAMILY = "1,2";
				TEST_HOST = "$(BUILT_PRODUCTS_DIR)/CompanySearchApp.app/$(BUNDLE_EXECUTABLE_FOLDER_PATH)/CompanySearchApp";
			};
			name = Debug;
		};
		4403D0952C46BE7200D5AB19 /* Release */ = {
			isa = XCBuildConfiguration;
			buildSettings = {
				ALWAYS_EMBED_SWIFT_STANDARD_LIBRARIES = YES;
				BUNDLE_LOADER = "$(TEST_HOST)";
				CODE_SIGN_STYLE = Automatic;
				CURRENT_PROJECT_VERSION = 1;
				DEVELOPMENT_TEAM = 4968R3GVM5;
				GENERATE_INFOPLIST_FILE = YES;
				IPHONEOS_DEPLOYMENT_TARGET = 17.5;
				MARKETING_VERSION = 1.0;
				PRODUCT_BUNDLE_IDENTIFIER = com.organizationname.CompanySearchAppTests;
				PRODUCT_NAME = "$(TARGET_NAME)";
				SWIFT_EMIT_LOC_STRINGS = NO;
				SWIFT_VERSION = 5.0;
				TARGETED_DEVICE_FAMILY = "1,2";
				TEST_HOST = "$(BUILT_PRODUCTS_DIR)/CompanySearchApp.app/$(BUNDLE_EXECUTABLE_FOLDER_PATH)/CompanySearchApp";
			};
			name = Release;
		};
		4403D0972C46BE7200D5AB19 /* Debug */ = {
			isa = XCBuildConfiguration;
			buildSettings = {
				ALWAYS_EMBED_SWIFT_STANDARD_LIBRARIES = YES;
				CODE_SIGN_STYLE = Automatic;
				CURRENT_PROJECT_VERSION = 1;
				DEVELOPMENT_TEAM = 4968R3GVM5;
				GENERATE_INFOPLIST_FILE = YES;
				MARKETING_VERSION = 1.0;
				PRODUCT_BUNDLE_IDENTIFIER = com.organizationname.CompanySearchAppUITests;
				PRODUCT_NAME = "$(TARGET_NAME)";
				SWIFT_EMIT_LOC_STRINGS = NO;
				SWIFT_VERSION = 5.0;
				TARGETED_DEVICE_FAMILY = "1,2";
				TEST_TARGET_NAME = CompanySearchApp;
			};
			name = Debug;
		};
		4403D0982C46BE7200D5AB19 /* Release */ = {
			isa = XCBuildConfiguration;
			buildSettings = {
				ALWAYS_EMBED_SWIFT_STANDARD_LIBRARIES = YES;
				CODE_SIGN_STYLE = Automatic;
				CURRENT_PROJECT_VERSION = 1;
				DEVELOPMENT_TEAM = 4968R3GVM5;
				GENERATE_INFOPLIST_FILE = YES;
				MARKETING_VERSION = 1.0;
				PRODUCT_BUNDLE_IDENTIFIER = com.organizationname.CompanySearchAppUITests;
				PRODUCT_NAME = "$(TARGET_NAME)";
				SWIFT_EMIT_LOC_STRINGS = NO;
				SWIFT_VERSION = 5.0;
				TARGETED_DEVICE_FAMILY = "1,2";
				TEST_TARGET_NAME = CompanySearchApp;
			};
			name = Release;
		};
/* End XCBuildConfiguration section */

/* Begin XCConfigurationList section */
		4403D0622C46BE6900D5AB19 /* Build configuration list for PBXProject "CompanySearchApp" */ = {
			isa = XCConfigurationList;
			buildConfigurations = (
				4403D08E2C46BE7200D5AB19 /* Debug */,
				4403D08F2C46BE7200D5AB19 /* Release */,
			);
			defaultConfigurationIsVisible = 0;
			defaultConfigurationName = Release;
		};
		4403D0902C46BE7200D5AB19 /* Build configuration list for PBXNativeTarget "CompanySearchApp" */ = {
			isa = XCConfigurationList;
			buildConfigurations = (
				4403D0912C46BE7200D5AB19 /* Debug */,
				4403D0922C46BE7200D5AB19 /* Release */,
			);
			defaultConfigurationIsVisible = 0;
			defaultConfigurationName = Release;
		};
		4403D0932C46BE7200D5AB19 /* Build configuration list for PBXNativeTarget "CompanySearchAppTests" */ = {
			isa = XCConfigurationList;
			buildConfigurations = (
				4403D0942C46BE7200D5AB19 /* Debug */,
				4403D0952C46BE7200D5AB19 /* Release */,
			);
			defaultConfigurationIsVisible = 0;
			defaultConfigurationName = Release;
		};
		4403D0962C46BE7200D5AB19 /* Build configuration list for PBXNativeTarget "CompanySearchAppUITests" */ = {
			isa = XCConfigurationList;
			buildConfigurations = (
				4403D0972C46BE7200D5AB19 /* Debug */,
				4403D0982C46BE7200D5AB19 /* Release */,
			);
			defaultConfigurationIsVisible = 0;
			defaultConfigurationName = Release;
		};
/* End XCConfigurationList section */

/* Begin XCVersionGroup section */
		4403D0752C46BE7100D5AB19 /* CompanySearchApp.xcdatamodeld */ = {
			isa = XCVersionGroup;
			children = (
				4403D0762C46BE7100D5AB19 /* CompanySearchApp.xcdatamodel */,
			);
			currentVersion = 4403D0762C46BE7100D5AB19 /* CompanySearchApp.xcdatamodel */;
			path = CompanySearchApp.xcdatamodeld;
			sourceTree = "<group>";
			versionGroupType = wrapper.xcdatamodel;
		};
/* End XCVersionGroup section */
	};
	rootObject = 4403D05F2C46BE6900D5AB19 /* Project object */;
}
